
Microsoft Visual Studio Solution File, Format Version 12.00
# Visual Studio Version 17
VisualStudioVersion = 17.5.33627.172
MinimumVisualStudioVersion = 10.0.40219.1
Project("{FAE04EC0-301F-11D3-BF4B-00C04F79EFBC}") = "AspNetCoreWebApiDemoApp", "AspNetCoreWebApiDemoApp\AspNetCoreWebApiDemoApp.csproj", "{E31E8E26-2DF0-48E5-824E-5E134350C544}"
EndProject
Global
	GlobalSection(SolutionConfigurationPlatforms) = preSolution
		Debug|Any CPU = Debug|Any CPU
		Release|Any CPU = Release|Any CPU
	EndGlobalSection
	GlobalSection(ProjectConfigurationPlatforms) = postSolution
		{E31E8E26-2DF0-48E5-824E-5E134350C544}.Debug|Any CPU.ActiveCfg = Debug|Any CPU
		{E31E8E26-2DF0-48E5-824E-5E134350C544}.Debug|Any CPU.Build.0 = Debug|Any CPU
		{E31E8E26-2DF0-48E5-824E-5E134350C544}.Release|Any CPU.ActiveCfg = Release|Any CPU
		{E31E8E26-2DF0-48E5-824E-5E134350C544}.Release|Any CPU.Build.0 = Release|Any CPU
	EndGlobalSection
	GlobalSection(SolutionProperties) = preSolution
		HideSolutionNode = FALSE
	EndGlobalSection
	GlobalSection(ExtensibilityGlobals) = postSolution
		SolutionGuid = {D2AD9D1A-7B61-4063-90BE-DD57A3E4B0B7}
	EndGlobalSection
EndGlobal
